
Microsoft Visual Studio Solution File, Format Version 12.00
# Visual Studio Version 17
VisualStudioVersion = 17.14.36603.0 d17.14
MinimumVisualStudioVersion = 10.0.40219.1
Project("{888888A0-9F3D-457C-B088-3A5042F75D52}") = "RubiksCubeSERHOUANIamine", "RubiksCubeSERHOUANIamine\RubiksCubeSERHOUANIamine.pyproj", "{4A9EC284-A58C-4305-87C5-528A9AECD39C}"
EndProject
Global
	GlobalSection(SolutionConfigurationPlatforms) = preSolution
		Debug|Any CPU = Debug|Any CPU
		Release|Any CPU = Release|Any CPU
	EndGlobalSection
	GlobalSection(ProjectConfigurationPlatforms) = postSolution
		{4A9EC284-A58C-4305-87C5-528A9AECD39C}.Debug|Any CPU.ActiveCfg = Debug|Any CPU
		{4A9EC284-A58C-4305-87C5-528A9AECD39C}.Release|Any CPU.ActiveCfg = Release|Any CPU
	EndGlobalSection
	GlobalSection(SolutionProperties) = preSolution
		HideSolutionNode = FALSE
	EndGlobalSection
	GlobalSection(ExtensibilityGlobals) = postSolution
		SolutionGuid = {2883666F-4140-47AC-B69B-59DF1F5BDF8A}
	EndGlobalSection
EndGlobal
